
Microsoft Visual Studio Solution File, Format Version 12.00
# Visual Studio Version 16
VisualStudioVersion = 16.0.31313.79
MinimumVisualStudioVersion = 10.0.40219.1
Project("{9A19103F-16F7-4668-BE54-9A1E7A4F7556}") = "FirstRestExcercise", "FirstRestExcercise\FirstRestExcercise.csproj", "{D3F54028-2F5E-423D-8A56-F4F3E56EA82B}"
EndProject
Project("{FAE04EC0-301F-11D3-BF4B-00C04F79EFBC}") = "FirstRestExcerciseTests", "FirstRestExcerciseTests\FirstRestExcerciseTests.csproj", "{14598C51-122D-4F64-9859-F64A7599D3E4}"
EndProject
Global
	GlobalSection(SolutionConfigurationPlatforms) = preSolution
		Debug|Any CPU = Debug|Any CPU
		Release|Any CPU = Release|Any CPU
	EndGlobalSection
	GlobalSection(ProjectConfigurationPlatforms) = postSolution
		{D3F54028-2F5E-423D-8A56-F4F3E56EA82B}.Debug|Any CPU.ActiveCfg = Debug|Any CPU
		{D3F54028-2F5E-423D-8A56-F4F3E56EA82B}.Debug|Any CPU.Build.0 = Debug|Any CPU
		{D3F54028-2F5E-423D-8A56-F4F3E56EA82B}.Release|Any CPU.ActiveCfg = Release|Any CPU
		{D3F54028-2F5E-423D-8A56-F4F3E56EA82B}.Release|Any CPU.Build.0 = Release|Any CPU
		{14598C51-122D-4F64-9859-F64A7599D3E4}.Debug|Any CPU.ActiveCfg = Debug|Any CPU
		{14598C51-122D-4F64-9859-F64A7599D3E4}.Debug|Any CPU.Build.0 = Debug|Any CPU
		{14598C51-122D-4F64-9859-F64A7599D3E4}.Release|Any CPU.ActiveCfg = Release|Any CPU
		{14598C51-122D-4F64-9859-F64A7599D3E4}.Release|Any CPU.Build.0 = Release|Any CPU
	EndGlobalSection
	GlobalSection(SolutionProperties) = preSolution
		HideSolutionNode = FALSE
	EndGlobalSection
	GlobalSection(ExtensibilityGlobals) = postSolution
		SolutionGuid = {D4D42AEC-D5CD-41B2-ACB5-2FB2A7C2312B}
	EndGlobalSection
EndGlobal
